{
  "name": "vscode-open-in-github",
  "version": "1.4.1",
  "lockfileVersion": 2,
  "requires": true,
  "packages": {
    "": {
      "name": "vscode-open-in-github",
      "version": "1.4.1",
      "dependencies": {
        "copy-paste": "^1.1.3",
        "find-parent-dir": "^0.3.0",
        "git-rev-2": "^0.1.0",
        "git-url-parse": "^12.0.0",
        "open": "6.0.0",
        "parse-git-config": "^0.3.1"
      },
      "devDependencies": {
        "@types/chai": "^4.1.7",
        "@types/node": "^10.12.5",
        "@types/proxyquire": "^1.3.28",
        "@types/vscode": "^1.69.0",
        "chai": "^4.2.0",
        "proxyquire": "^2.1.0",
        "typescript": "^3.1.6"
      },
      "engines": {
        "vscode": "^1.69.x"
      }
    },
    "node_modules/@types/chai": {
      "version": "4.1.7",
      "resolved": "https://registry.npmjs.org/@types/chai/-/chai-4.1.7.tgz",
      "integrity": "sha512-2Y8uPt0/jwjhQ6EiluT0XCri1Dbplr0ZxfFXUz+ye13gaqE8u5gL5ppao1JrUYr9cIip5S6MvQzBS7Kke7U9VA==",
      "dev": true
    },
    "node_modules/@types/node": {
      "version": "10.12.5",
      "resolved": "https://registry.npmjs.org/@types/node/-/node-10.12.5.tgz",
      "integrity": "sha512-GzdHjq3t3eGLMv92Al90Iq+EoLL+86mPfQhuglbBFO7HiLdC/rkt+zrzJJumAiBF6nsrBWhou22rPW663AAyFw==",
      "dev": true
    },
    "node_modules/@types/proxyquire": {
      "version": "1.3.28",
      "resolved": "https://registry.npmjs.org/@types/proxyquire/-/proxyquire-1.3.28.tgz",
      "integrity": "sha512-SQaNzWQ2YZSr7FqAyPPiA3FYpux2Lqh3HWMZQk47x3xbMCqgC/w0dY3dw9rGqlweDDkrySQBcaScXWeR+Yb11Q==",
      "dev": true
    },
    "node_modules/@types/vscode": {
      "version": "1.69.0",
      "resolved": "https://registry.npmjs.org/@types/vscode/-/vscode-1.69.0.tgz",
      "integrity": "sha512-RlzDAnGqUoo9wS6d4tthNyAdZLxOIddLiX3djMoWk29jFfSA1yJbIwr0epBYqqYarWB6s2Z+4VaZCQ80Jaa3kA==",
      "dev": true
    },
    "node_modules/assertion-error": {
      "version": "1.1.0",
      "resolved": "https://registry.npmjs.org/assertion-error/-/assertion-error-1.1.0.tgz",
      "integrity": "sha512-jgsaNduz+ndvGyFt3uSuWqvy4lCnIJiovtouQN5JZHOKCS2QuhEdbcQHFhVksz2N2U9hXJo8odG7ETyWlEeuDw==",
      "dev": true,
      "engines": {
        "node": "*"
      }
    },
    "node_modules/chai": {
      "version": "4.2.0",
      "resolved": "https://registry.npmjs.org/chai/-/chai-4.2.0.tgz",
      "integrity": "sha512-XQU3bhBukrOsQCuwZndwGcCVQHyZi53fQ6Ys1Fym7E4olpIqqZZhhoFJoaKVvV17lWQoXYwgWN2nF5crA8J2jw==",
      "dev": true,
      "dependencies": {
        "assertion-error": "^1.1.0",
        "check-error": "^1.0.2",
        "deep-eql": "^3.0.1",
        "get-func-name": "^2.0.0",
        "pathval": "^1.1.0",
        "type-detect": "^4.0.5"
      },
      "engines": {
        "node": ">=4"
      }
    },
    "node_modules/check-error": {
      "version": "1.0.2",
      "resolved": "https://registry.npmjs.org/check-error/-/check-error-1.0.2.tgz",
      "integrity": "sha1-V00xLt2Iu13YkS6Sht1sCu1KrII= sha512-BrgHpW9NURQgzoNyjfq0Wu6VFO6D7IZEmJNdtgNqpzGG8RuNFHt2jQxWlAs4HMe119chBnv+34syEZtc6IhLtA==",
      "dev": true,
      "engines": {
        "node": "*"
      }
    },
    "node_modules/copy-paste": {
      "version": "1.1.3",
      "resolved": "https://registry.npmjs.org/copy-paste/-/copy-paste-1.1.3.tgz",
      "integrity": "sha512-kOXfslO2fDZct9psTEYXOaS2HPn0VjAsOd2i7vw7u82ac1uSdZ7ZIbJhZR4uCjX80KgPxUbt/QNAf/Qcnv4tYg==",
      "dependencies": {
        "iconv-lite": "^0.4.8"
      },
      "optionalDependencies": {
        "execSync": "~1.0.0"
      }
    },
    "node_modules/deep-eql": {
      "version": "3.0.1",
      "resolved": "https://registry.npmjs.org/deep-eql/-/deep-eql-3.0.1.tgz",
      "integrity": "sha512-+QeIQyN5ZuO+3Uk5DYh6/1eKO0m0YmJFGNmFHGACpf1ClL1nmlV/p4gNgbl2pJGxgXb4faqo6UE+M5ACEMyVcw==",
      "dev": true,
      "dependencies": {
        "type-detect": "^4.0.0"
      },
      "engines": {
        "node": ">=0.12"
      }
    },
    "node_modules/execSync": {
      "version": "1.0.2",
      "resolved": "https://registry.npmjs.org/execSync/-/execSync-1.0.2.tgz",
      "integrity": "sha512-ul1uCl3e2DLlTl8z8R7OFb9PDXI08YkXbgknWZQCrpQjZh7cpntAzDI6oEqetaWpx+RdySFcxHVyG98CFg2lTQ==",
      "hasInstallScript": true,
      "optional": true,
      "dependencies": {
        "temp": "~0.5.1"
      },
      "engines": {
        "node": "*"
      }
    },
    "node_modules/fill-keys": {
      "version": "1.0.2",
      "resolved": "https://registry.npmjs.org/fill-keys/-/fill-keys-1.0.2.tgz",
      "integrity": "sha512-tcgI872xXjwFF4xgQmLxi76GnwJG3g/3isB1l4/G5Z4zrbddGpBjqZCO9oEAcB5wX0Hj/5iQB3toxfO7in1hHA==",
      "dev": true,
      "dependencies": {
        "is-object": "~1.0.1",
        "merge-descriptors": "~1.0.0"
      },
      "engines": {
        "node": ">=0.10.0"
      }
    },
    "node_modules/find-parent-dir": {
      "version": "0.3.0",
      "resolved": "https://registry.npmjs.org/find-parent-dir/-/find-parent-dir-0.3.0.tgz",
      "integrity": "sha1-M8RLQpqysvBkYpnF+fcY83b/jVQ= sha512-41+Uo9lF5JNGpIMGrujNKDuqH9ofU2ISJ1XCZPLIN/Yayql599PtA0ywYtlLMYmJcSPkr4uAF14wJmKlW2Fx3g=="
    },
    "node_modules/get-func-name": {
      "version": "2.0.0",
      "resolved": "https://registry.npmjs.org/get-func-name/-/get-func-name-2.0.0.tgz",
      "integrity": "sha1-6td0q+5y4gQJQzoGY2YCPdaIekE= sha512-Hm0ixYtaSZ/V7C8FJrtZIuBBI+iSgL+1Aq82zSu8VQNB4S3Gk8e7Qs3VwBDJAhmRZcFqkl3tQu36g/Foh5I5ig==",
      "dev": true,
      "engines": {
        "node": "*"
      }
    },
    "node_modules/git-rev-2": {
      "version": "0.1.0",
      "resolved": "https://registry.npmjs.org/git-rev-2/-/git-rev-2-0.1.0.tgz",
      "integrity": "sha1-dIFlqMhPsB6mdGf/Fas+N6zkBkw= sha512-CfYlZaoYUOd2j2ZfjiTmhYx2V5p1q9+sgV3VIAnrWrrMtV5+sn0VMpML1ZhvNT1C8lvwAR/wat6UTCIMTU8xcg=="
    },
    "node_modules/git-up": {
      "version": "6.0.0",
      "resolved": "https://registry.npmjs.org/git-up/-/git-up-6.0.0.tgz",
      "integrity": "sha512-6RUFSNd1c/D0xtGnyWN2sxza2bZtZ/EmI9448n6rCZruFwV/ezeEn2fJP7XnUQGwf0RAtd/mmUCbtH6JPYA2SA==",
      "dependencies": {
        "is-ssh": "^1.4.0",
        "parse-url": "^7.0.2"
      }
    },
    "node_modules/git-url-parse": {
      "version": "12.0.0",
      "resolved": "https://registry.npmjs.org/git-url-parse/-/git-url-parse-12.0.0.tgz",
      "integrity": "sha512-I6LMWsxV87vysX1WfsoglXsXg6GjQRKq7+Dgiseo+h0skmp5Hp2rzmcEIRQot9CPA+uzU7x1x7jZdqvTFGnB+Q==",
      "dependencies": {
        "git-up": "^6.0.0"
      }
    },
    "node_modules/graceful-fs": {
      "version": "1.2.3",
      "resolved": "https://registry.npmjs.org/graceful-fs/-/graceful-fs-1.2.3.tgz",
      "integrity": "sha512-iiTUZ5vZ+2ZV+h71XAgwCSu6+NAizhFU3Yw8aC/hH5SQ3SnISqEqAek40imAFGtDcwJKNhXvSY+hzIolnLwcdQ==",
      "deprecated": "please upgrade to graceful-fs 4 for compatibility with current and future versions of Node.js",
      "optional": true,
      "engines": {
        "node": ">=0.4.0"
      }
    },
    "node_modules/iconv-lite": {
      "version": "0.4.15",
      "resolved": "https://registry.npmjs.org/iconv-lite/-/iconv-lite-0.4.15.tgz",
      "integrity": "sha512-RGR+c9Lm+tLsvU57FTJJtdbv2hQw42Yl2n26tVIBaYmZzLN+EGfroUugN/z9nJf9kOXd49hBmpoGr4FEm+A4pw==",
      "engines": {
        "node": ">=0.10.0"
      }
    },
    "node_modules/ini": {
      "version": "1.3.7",
      "resolved": "https://registry.npmjs.org/ini/-/ini-1.3.7.tgz",
      "integrity": "sha512-iKpRpXP+CrP2jyrxvg1kMUpXDyRUFDWurxbnVT1vQPx+Wz9uCYsMIqYuSBLV+PAaZG/d7kRLKRFc9oDMsH+mFQ=="
    },
    "node_modules/is-object": {
      "version": "1.0.1",
      "resolved": "https://registry.npmjs.org/is-object/-/is-object-1.0.1.tgz",
      "integrity": "sha512-+XzmTRB/JXoIdK20Ge8K8PRsP5UlthLaVhIRxzIwQ73jRgER8iRw98DilvERx/tSjOHLy9JM4sKUfLRMB5ui0Q==",
      "dev": true
    },
    "node_modules/is-ssh": {
      "version": "1.4.0",
      "resolved": "https://registry.npmjs.org/is-ssh/-/is-ssh-1.4.0.tgz",
      "integrity": "sha512-x7+VxdxOdlV3CYpjvRLBv5Lo9OJerlYanjwFrPR9fuGPjCiNiCzFgAWpiLAohSbsnH4ZAys3SBh+hq5rJosxUQ==",
      "dependencies": {
        "protocols": "^2.0.1"
      }
    },
    "node_modules/is-wsl": {
      "version": "1.1.0",
      "resolved": "https://registry.npmjs.org/is-wsl/-/is-wsl-1.1.0.tgz",
      "integrity": "sha1-HxbkqiKwTRM2tmGIpmrzxgDDpm0= sha512-gfygJYZ2gLTDlmbWMI0CE2MwnFzSN/2SZfkMlItC4K/JBlsWVDB0bO6XhqcY13YXE7iMcAJnzTCJjPiTeJJ0Mw==",
      "engines": {
        "node": ">=4"
      }
    },
    "node_modules/merge-descriptors": {
      "version": "1.0.1",
      "resolved": "https://registry.npmjs.org/merge-descriptors/-/merge-descriptors-1.0.1.tgz",
      "integrity": "sha512-cCi6g3/Zr1iqQi6ySbseM1Xvooa98N0w31jzUYrXPX2xqObmFGHJ0tQ5u74H3mVh7wLouTseZyYIq39g8cNp1w==",
      "dev": true
    },
    "node_modules/module-not-found-error": {
      "version": "1.0.1",
      "resolved": "https://registry.npmjs.org/module-not-found-error/-/module-not-found-error-1.0.1.tgz",
      "integrity": "sha512-pEk4ECWQXV6z2zjhRZUongnLJNUeGQJ3w6OQ5ctGwD+i5o93qjRQUk2Rt6VdNeu3sEP0AB4LcfvdebpxBRVr4g==",
      "dev": true
    },
    "node_modules/normalize-url": {
      "version": "6.1.0",
      "resolved": "https://registry.npmjs.org/normalize-url/-/normalize-url-6.1.0.tgz",
      "integrity": "sha512-DlL+XwOy3NxAQ8xuC0okPgK46iuVNAK01YN7RueYBqqFeGsBjV9XmCAzAdgt+667bCl5kPh9EqKKDwnaPG1I7A==",
      "engines": {
        "node": ">=10"
      },
      "funding": {
        "url": "https://github.com/sponsors/sindresorhus"
      }
    },
    "node_modules/open": {
      "version": "6.0.0",
      "resolved": "https://registry.npmjs.org/open/-/open-6.0.0.tgz",
      "integrity": "sha512-/yb5mVZBz7mHLySMiSj2DcLtMBbFPJk5JBKEkHVZFxZAPzeg3L026O0T+lbdz1B2nyDnkClRSwRQJdeVUIF7zw==",
      "dependencies": {
        "is-wsl": "^1.1.0"
      },
      "engines": {
        "node": ">=8"
      }
    },
    "node_modules/parse-git-config": {
      "version": "0.3.2",
      "resolved": "https://registry.npmjs.org/parse-git-config/-/parse-git-config-0.3.2.tgz",
      "integrity": "sha512-zgmZAJvL9Ap6QdevJi+iGLQxP3zQWQqK+0XVe7TxNtCh5GP0JsveybEyrc5s6z5UyMn9V1ACeqalU6fmuSJzww==",
      "dependencies": {
        "ini": "^1.3.3"
      },
      "engines": {
        "node": ">=0.10.0"
      }
    },
    "node_modules/parse-path": {
      "version": "5.0.0",
      "resolved": "https://registry.npmjs.org/parse-path/-/parse-path-5.0.0.tgz",
      "integrity": "sha512-qOpH55/+ZJ4jUu/oLO+ifUKjFPNZGfnPJtzvGzKN/4oLMil5m9OH4VpOj6++9/ytJcfks4kzH2hhi87GL/OU9A==",
      "dependencies": {
        "protocols": "^2.0.0"
      }
    },
    "node_modules/parse-url": {
      "version": "7.0.2",
      "resolved": "https://registry.npmjs.org/parse-url/-/parse-url-7.0.2.tgz",
      "integrity": "sha512-PqO4Z0eCiQ08Wj6QQmrmp5YTTxpYfONdOEamrtvK63AmzXpcavIVQubGHxOEwiIoDZFb8uDOoQFS0NCcjqIYQg==",
      "dependencies": {
        "is-ssh": "^1.4.0",
        "normalize-url": "^6.1.0",
        "parse-path": "^5.0.0",
        "protocols": "^2.0.1"
      }
    },
    "node_modules/path-parse": {
      "version": "1.0.7",
      "resolved": "https://registry.npmjs.org/path-parse/-/path-parse-1.0.7.tgz",
      "integrity": "sha512-LDJzPVEEEPR+y48z93A0Ed0yXb8pAByGWo/k5YYdYgpY2/2EsOsksJrq7lOHxryrVOn1ejG6oAp8ahvOIQD8sw==",
      "dev": true
    },
    "node_modules/pathval": {
      "version": "1.1.1",
      "resolved": "https://registry.npmjs.org/pathval/-/pathval-1.1.1.tgz",
      "integrity": "sha512-Dp6zGqpTdETdR63lehJYPeIOqpiNBNtc7BpWSLrOje7UaIsE5aY92r/AunQA7rsXvet3lrJ3JnZX29UPTKXyKQ==",
      "dev": true,
      "engines": {
        "node": "*"
      }
    },
    "node_modules/protocols": {
      "version": "2.0.1",
      "resolved": "https://registry.npmjs.org/protocols/-/protocols-2.0.1.tgz",
      "integrity": "sha512-/XJ368cyBJ7fzLMwLKv1e4vLxOju2MNAIokcr7meSaNcVbWz/CPcW22cP04mwxOErdA5mwjA8Q6w/cdAQxVn7Q=="
    },
    "node_modules/proxyquire": {
      "version": "2.1.0",
      "resolved": "https://registry.npmjs.org/proxyquire/-/proxyquire-2.1.0.tgz",
      "integrity": "sha512-kptdFArCfGRtQFv3Qwjr10lwbEV0TBJYvfqzhwucyfEXqVgmnAkyEw/S3FYzR5HI9i5QOq4rcqQjZ6AlknlCDQ==",
      "dev": true,
      "dependencies": {
        "fill-keys": "^1.0.2",
        "module-not-found-error": "^1.0.0",
        "resolve": "~1.8.1"
      }
    },
    "node_modules/resolve": {
      "version": "1.8.1",
      "resolved": "https://registry.npmjs.org/resolve/-/resolve-1.8.1.tgz",
      "integrity": "sha512-AicPrAC7Qu1JxPCZ9ZgCZlY35QgFnNqc+0LtbRNxnVw4TXvjQ72wnuL9JQcEBgXkI9JM8MsT9kaQoHcpCRJOYA==",
      "dev": true,
      "dependencies": {
        "path-parse": "^1.0.5"
      }
    },
    "node_modules/rimraf": {
      "version": "2.1.4",
      "resolved": "https://registry.npmjs.org/rimraf/-/rimraf-2.1.4.tgz",
      "integrity": "sha512-tzwmX16YQhcFu0T/m0gHBcFKx6yQAg77Z6WWaQSJsUekXYa6yaAmHhrDdmFicgauX/er7GsdN+vRao3mBhA4kQ==",
      "optional": true,
      "optionalDependencies": {
        "graceful-fs": "~1"
      }
    },
    "node_modules/temp": {
      "version": "0.5.1",
      "resolved": "https://registry.npmjs.org/temp/-/temp-0.5.1.tgz",
      "integrity": "sha512-Gwc1QWGkf3f3d0y8wNyC9uvVqAsmVdUMPzdiLJDNVAHhlxZmSWlvVZAk1LmZcBuYcmhvJ0oHDVHksghU3VI/0w==",
      "engines": [
        "node >=0.8.0"
      ],
      "optional": true,
      "dependencies": {
        "rimraf": "~2.1.4"
      }
    },
    "node_modules/type-detect": {
      "version": "4.0.8",
      "resolved": "https://registry.npmjs.org/type-detect/-/type-detect-4.0.8.tgz",
      "integrity": "sha512-0fr/mIH1dlO+x7TlcMy+bIDqKPsw/70tVyeHW787goQjhmqaZe10uwLujubK9q9Lg6Fiho1KUKDYz0Z7k7g5/g==",
      "dev": true,
      "engines": {
        "node": ">=4"
      }
    },
    "node_modules/typescript": {
      "version": "3.1.6",
      "resolved": "https://registry.npmjs.org/typescript/-/typescript-3.1.6.tgz",
      "integrity": "sha512-tDMYfVtvpb96msS1lDX9MEdHrW4yOuZ4Kdc4Him9oU796XldPYF/t2+uKoX0BBa0hXXwDlqYQbXY5Rzjzc5hBA==",
      "dev": true,
      "bin": {
        "tsc": "bin/tsc",
        "tsserver": "bin/tsserver"
      },
      "engines": {
        "node": ">=4.2.0"
      }
    }
  },
  "dependencies": {
    "@types/chai": {
      "version": "4.1.7",
      "resolved": "https://registry.npmjs.org/@types/chai/-/chai-4.1.7.tgz",
      "integrity": "sha512-2Y8uPt0/jwjhQ6EiluT0XCri1Dbplr0ZxfFXUz+ye13gaqE8u5gL5ppao1JrUYr9cIip5S6MvQzBS7Kke7U9VA==",
      "dev": true
    },
    "@types/node": {
      "version": "10.12.5",
      "resolved": "https://registry.npmjs.org/@types/node/-/node-10.12.5.tgz",
      "integrity": "sha512-GzdHjq3t3eGLMv92Al90Iq+EoLL+86mPfQhuglbBFO7HiLdC/rkt+zrzJJumAiBF6nsrBWhou22rPW663AAyFw==",
      "dev": true
    },
    "@types/proxyquire": {
      "version": "1.3.28",
      "resolved": "https://registry.npmjs.org/@types/proxyquire/-/proxyquire-1.3.28.tgz",
      "integrity": "sha512-SQaNzWQ2YZSr7FqAyPPiA3FYpux2Lqh3HWMZQk47x3xbMCqgC/w0dY3dw9rGqlweDDkrySQBcaScXWeR+Yb11Q==",
      "dev": true
    },
    "@types/vscode": {
      "version": "1.69.0",
      "resolved": "https://registry.npmjs.org/@types/vscode/-/vscode-1.69.0.tgz",
      "integrity": "sha512-RlzDAnGqUoo9wS6d4tthNyAdZLxOIddLiX3djMoWk29jFfSA1yJbIwr0epBYqqYarWB6s2Z+4VaZCQ80Jaa3kA==",
      "dev": true
    },
    "assertion-error": {
      "version": "1.1.0",
      "resolved": "https://registry.npmjs.org/assertion-error/-/assertion-error-1.1.0.tgz",
      "integrity": "sha512-jgsaNduz+ndvGyFt3uSuWqvy4lCnIJiovtouQN5JZHOKCS2QuhEdbcQHFhVksz2N2U9hXJo8odG7ETyWlEeuDw==",
      "dev": true
    },
    "chai": {
      "version": "4.2.0",
      "resolved": "https://registry.npmjs.org/chai/-/chai-4.2.0.tgz",
      "integrity": "sha512-XQU3bhBukrOsQCuwZndwGcCVQHyZi53fQ6Ys1Fym7E4olpIqqZZhhoFJoaKVvV17lWQoXYwgWN2nF5crA8J2jw==",
      "dev": true,
      "requires": {
        "assertion-error": "^1.1.0",
        "check-error": "^1.0.2",
        "deep-eql": "^3.0.1",
        "get-func-name": "^2.0.0",
        "pathval": "^1.1.0",
        "type-detect": "^4.0.5"
      }
    },
    "check-error": {
      "version": "1.0.2",
      "resolved": "https://registry.npmjs.org/check-error/-/check-error-1.0.2.tgz",
      "integrity": "sha1-V00xLt2Iu13YkS6Sht1sCu1KrII= sha512-BrgHpW9NURQgzoNyjfq0Wu6VFO6D7IZEmJNdtgNqpzGG8RuNFHt2jQxWlAs4HMe119chBnv+34syEZtc6IhLtA==",
      "dev": true
    },
    "copy-paste": {
      "version": "1.1.3",
      "resolved": "https://registry.npmjs.org/copy-paste/-/copy-paste-1.1.3.tgz",
      "integrity": "sha512-kOXfslO2fDZct9psTEYXOaS2HPn0VjAsOd2i7vw7u82ac1uSdZ7ZIbJhZR4uCjX80KgPxUbt/QNAf/Qcnv4tYg==",
      "requires": {
        "execSync": "~1.0.0",
        "iconv-lite": "^0.4.8"
      }
    },
    "deep-eql": {
      "version": "3.0.1",
      "resolved": "https://registry.npmjs.org/deep-eql/-/deep-eql-3.0.1.tgz",
      "integrity": "sha512-+QeIQyN5ZuO+3Uk5DYh6/1eKO0m0YmJFGNmFHGACpf1ClL1nmlV/p4gNgbl2pJGxgXb4faqo6UE+M5ACEMyVcw==",
      "dev": true,
      "requires": {
        "type-detect": "^4.0.0"
      }
    },
    "execSync": {
      "version": "1.0.2",
      "resolved": "https://registry.npmjs.org/execSync/-/execSync-1.0.2.tgz",
      "integrity": "sha512-ul1uCl3e2DLlTl8z8R7OFb9PDXI08YkXbgknWZQCrpQjZh7cpntAzDI6oEqetaWpx+RdySFcxHVyG98CFg2lTQ==",
      "optional": true,
      "requires": {
        "temp": "~0.5.1"
      }
    },
    "fill-keys": {
      "version": "1.0.2",
      "resolved": "https://registry.npmjs.org/fill-keys/-/fill-keys-1.0.2.tgz",
      "integrity": "sha512-tcgI872xXjwFF4xgQmLxi76GnwJG3g/3isB1l4/G5Z4zrbddGpBjqZCO9oEAcB5wX0Hj/5iQB3toxfO7in1hHA==",
      "dev": true,
      "requires": {
        "is-object": "~1.0.1",
        "merge-descriptors": "~1.0.0"
      }
    },
    "find-parent-dir": {
      "version": "0.3.0",
      "resolved": "https://registry.npmjs.org/find-parent-dir/-/find-parent-dir-0.3.0.tgz",
      "integrity": "sha1-M8RLQpqysvBkYpnF+fcY83b/jVQ= sha512-41+Uo9lF5JNGpIMGrujNKDuqH9ofU2ISJ1XCZPLIN/Yayql599PtA0ywYtlLMYmJcSPkr4uAF14wJmKlW2Fx3g=="
    },
    "get-func-name": {
      "version": "2.0.0",
      "resolved": "https://registry.npmjs.org/get-func-name/-/get-func-name-2.0.0.tgz",
      "integrity": "sha1-6td0q+5y4gQJQzoGY2YCPdaIekE= sha512-Hm0ixYtaSZ/V7C8FJrtZIuBBI+iSgL+1Aq82zSu8VQNB4S3Gk8e7Qs3VwBDJAhmRZcFqkl3tQu36g/Foh5I5ig==",
      "dev": true
    },
    "git-rev-2": {
      "version": "0.1.0",
      "resolved": "https://registry.npmjs.org/git-rev-2/-/git-rev-2-0.1.0.tgz",
      "integrity": "sha1-dIFlqMhPsB6mdGf/Fas+N6zkBkw= sha512-CfYlZaoYUOd2j2ZfjiTmhYx2V5p1q9+sgV3VIAnrWrrMtV5+sn0VMpML1ZhvNT1C8lvwAR/wat6UTCIMTU8xcg=="
    },
    "git-up": {
      "version": "6.0.0",
      "resolved": "https://registry.npmjs.org/git-up/-/git-up-6.0.0.tgz",
      "integrity": "sha512-6RUFSNd1c/D0xtGnyWN2sxza2bZtZ/EmI9448n6rCZruFwV/ezeEn2fJP7XnUQGwf0RAtd/mmUCbtH6JPYA2SA==",
      "requires": {
        "is-ssh": "^1.4.0",
        "parse-url": "^7.0.2"
      }
    },
    "git-url-parse": {
      "version": "12.0.0",
      "resolved": "https://registry.npmjs.org/git-url-parse/-/git-url-parse-12.0.0.tgz",
      "integrity": "sha512-I6LMWsxV87vysX1WfsoglXsXg6GjQRKq7+Dgiseo+h0skmp5Hp2rzmcEIRQot9CPA+uzU7x1x7jZdqvTFGnB+Q==",
      "requires": {
        "git-up": "^6.0.0"
      }
    },
    "graceful-fs": {
      "version": "1.2.3",
      "resolved": "https://registry.npmjs.org/graceful-fs/-/graceful-fs-1.2.3.tgz",
      "integrity": "sha512-iiTUZ5vZ+2ZV+h71XAgwCSu6+NAizhFU3Yw8aC/hH5SQ3SnISqEqAek40imAFGtDcwJKNhXvSY+hzIolnLwcdQ==",
      "optional": true
    },
    "iconv-lite": {
      "version": "0.4.15",
      "resolved": "https://registry.npmjs.org/iconv-lite/-/iconv-lite-0.4.15.tgz",
      "integrity": "sha512-RGR+c9Lm+tLsvU57FTJJtdbv2hQw42Yl2n26tVIBaYmZzLN+EGfroUugN/z9nJf9kOXd49hBmpoGr4FEm+A4pw=="
    },
    "ini": {
      "version": "1.3.7",
      "resolved": "https://registry.npmjs.org/ini/-/ini-1.3.7.tgz",
      "integrity": "sha512-iKpRpXP+CrP2jyrxvg1kMUpXDyRUFDWurxbnVT1vQPx+Wz9uCYsMIqYuSBLV+PAaZG/d7kRLKRFc9oDMsH+mFQ=="
    },
    "is-object": {
      "version": "1.0.1",
      "resolved": "https://registry.npmjs.org/is-object/-/is-object-1.0.1.tgz",
      "integrity": "sha512-+XzmTRB/JXoIdK20Ge8K8PRsP5UlthLaVhIRxzIwQ73jRgER8iRw98DilvERx/tSjOHLy9JM4sKUfLRMB5ui0Q==",
      "dev": true
    },
    "is-ssh": {
      "version": "1.4.0",
      "resolved": "https://registry.npmjs.org/is-ssh/-/is-ssh-1.4.0.tgz",
      "integrity": "sha512-x7+VxdxOdlV3CYpjvRLBv5Lo9OJerlYanjwFrPR9fuGPjCiNiCzFgAWpiLAohSbsnH4ZAys3SBh+hq5rJosxUQ==",
      "requires": {
        "protocols": "^2.0.1"
      }
    },
    "is-wsl": {
      "version": "1.1.0",
      "resolved": "https://registry.npmjs.org/is-wsl/-/is-wsl-1.1.0.tgz",
      "integrity": "sha1-HxbkqiKwTRM2tmGIpmrzxgDDpm0= sha512-gfygJYZ2gLTDlmbWMI0CE2MwnFzSN/2SZfkMlItC4K/JBlsWVDB0bO6XhqcY13YXE7iMcAJnzTCJjPiTeJJ0Mw=="
    },
    "merge-descriptors": {
      "version": "1.0.1",
      "resolved": "https://registry.npmjs.org/merge-descriptors/-/merge-descriptors-1.0.1.tgz",
      "integrity": "sha512-cCi6g3/Zr1iqQi6ySbseM1Xvooa98N0w31jzUYrXPX2xqObmFGHJ0tQ5u74H3mVh7wLouTseZyYIq39g8cNp1w==",
      "dev": true
    },
    "module-not-found-error": {
      "version": "1.0.1",
      "resolved": "https://registry.npmjs.org/module-not-found-error/-/module-not-found-error-1.0.1.tgz",
      "integrity": "sha512-pEk4ECWQXV6z2zjhRZUongnLJNUeGQJ3w6OQ5ctGwD+i5o93qjRQUk2Rt6VdNeu3sEP0AB4LcfvdebpxBRVr4g==",
      "dev": true
    },
    "normalize-url": {
      "version": "6.1.0",
      "resolved": "https://registry.npmjs.org/normalize-url/-/normalize-url-6.1.0.tgz",
      "integrity": "sha512-DlL+XwOy3NxAQ8xuC0okPgK46iuVNAK01YN7RueYBqqFeGsBjV9XmCAzAdgt+667bCl5kPh9EqKKDwnaPG1I7A=="
    },
    "open": {
      "version": "6.0.0",
      "resolved": "https://registry.npmjs.org/open/-/open-6.0.0.tgz",
      "integrity": "sha512-/yb5mVZBz7mHLySMiSj2DcLtMBbFPJk5JBKEkHVZFxZAPzeg3L026O0T+lbdz1B2nyDnkClRSwRQJdeVUIF7zw==",
      "requires": {
        "is-wsl": "^1.1.0"
      }
    },
    "parse-git-config": {
      "version": "0.3.2",
      "resolved": "https://registry.npmjs.org/parse-git-config/-/parse-git-config-0.3.2.tgz",
      "integrity": "sha512-zgmZAJvL9Ap6QdevJi+iGLQxP3zQWQqK+0XVe7TxNtCh5GP0JsveybEyrc5s6z5UyMn9V1ACeqalU6fmuSJzww==",
      "requires": {
        "ini": "^1.3.3"
      }
    },
    "parse-path": {
      "version": "5.0.0",
      "resolved": "https://registry.npmjs.org/parse-path/-/parse-path-5.0.0.tgz",
      "integrity": "sha512-qOpH55/+ZJ4jUu/oLO+ifUKjFPNZGfnPJtzvGzKN/4oLMil5m9OH4VpOj6++9/ytJcfks4kzH2hhi87GL/OU9A==",
      "requires": {
        "protocols": "^2.0.0"
      }
    },
    "parse-url": {
      "version": "7.0.2",
      "resolved": "https://registry.npmjs.org/parse-url/-/parse-url-7.0.2.tgz",
      "integrity": "sha512-PqO4Z0eCiQ08Wj6QQmrmp5YTTxpYfONdOEamrtvK63AmzXpcavIVQubGHxOEwiIoDZFb8uDOoQFS0NCcjqIYQg==",
      "requires": {
        "is-ssh": "^1.4.0",
        "normalize-url": "^6.1.0",
        "parse-path": "^5.0.0",
        "protocols": "^2.0.1"
      }
    },
    "path-parse": {
      "version": "1.0.7",
      "resolved": "https://registry.npmjs.org/path-parse/-/path-parse-1.0.7.tgz",
      "integrity": "sha512-LDJzPVEEEPR+y48z93A0Ed0yXb8pAByGWo/k5YYdYgpY2/2EsOsksJrq7lOHxryrVOn1ejG6oAp8ahvOIQD8sw==",
      "dev": true
    },
    "pathval": {
      "version": "1.1.1",
      "resolved": "https://registry.npmjs.org/pathval/-/pathval-1.1.1.tgz",
      "integrity": "sha512-Dp6zGqpTdETdR63lehJYPeIOqpiNBNtc7BpWSLrOje7UaIsE5aY92r/AunQA7rsXvet3lrJ3JnZX29UPTKXyKQ==",
      "dev": true
    },
    "protocols": {
      "version": "2.0.1",
      "resolved": "https://registry.npmjs.org/protocols/-/protocols-2.0.1.tgz",
      "integrity": "sha512-/XJ368cyBJ7fzLMwLKv1e4vLxOju2MNAIokcr7meSaNcVbWz/CPcW22cP04mwxOErdA5mwjA8Q6w/cdAQxVn7Q=="
    },
    "proxyquire": {
      "version": "2.1.0",
      "resolved": "https://registry.npmjs.org/proxyquire/-/proxyquire-2.1.0.tgz",
      "integrity": "sha512-kptdFArCfGRtQFv3Qwjr10lwbEV0TBJYvfqzhwucyfEXqVgmnAkyEw/S3FYzR5HI9i5QOq4rcqQjZ6AlknlCDQ==",
      "dev": true,
      "requires": {
        "fill-keys": "^1.0.2",
        "module-not-found-error": "^1.0.0",
        "resolve": "~1.8.1"
      }
    },
    "resolve": {
      "version": "1.8.1",
      "resolved": "https://registry.npmjs.org/resolve/-/resolve-1.8.1.tgz",
      "integrity": "sha512-AicPrAC7Qu1JxPCZ9ZgCZlY35QgFnNqc+0LtbRNxnVw4TXvjQ72wnuL9JQcEBgXkI9JM8MsT9kaQoHcpCRJOYA==",
      "dev": true,
      "requires": {
        "path-parse": "^1.0.5"
      }
    },
    "rimraf": {
      "version": "2.1.4",
      "resolved": "https://registry.npmjs.org/rimraf/-/rimraf-2.1.4.tgz",
      "integrity": "sha512-tzwmX16YQhcFu0T/m0gHBcFKx6yQAg77Z6WWaQSJsUekXYa6yaAmHhrDdmFicgauX/er7GsdN+vRao3mBhA4kQ==",
      "optional": true,
      "requires": {
        "graceful-fs": "~1"
      }
    },
    "temp": {
      "version": "0.5.1",
      "resolved": "https://registry.npmjs.org/temp/-/temp-0.5.1.tgz",
      "integrity": "sha512-Gwc1QWGkf3f3d0y8wNyC9uvVqAsmVdUMPzdiLJDNVAHhlxZmSWlvVZAk1LmZcBuYcmhvJ0oHDVHksghU3VI/0w==",
      "optional": true,
      "requires": {
        "rimraf": "~2.1.4"
      }
    },
    "type-detect": {
      "version": "4.0.8",
      "resolved": "https://registry.npmjs.org/type-detect/-/type-detect-4.0.8.tgz",
      "integrity": "sha512-0fr/mIH1dlO+x7TlcMy+bIDqKPsw/70tVyeHW787goQjhmqaZe10uwLujubK9q9Lg6Fiho1KUKDYz0Z7k7g5/g==",
      "dev": true
    },
    "typescript": {
      "version": "3.1.6",
      "resolved": "https://registry.npmjs.org/typescript/-/typescript-3.1.6.tgz",
      "integrity": "sha512-tDMYfVtvpb96msS1lDX9MEdHrW4yOuZ4Kdc4Him9oU796XldPYF/t2+uKoX0BBa0hXXwDlqYQbXY5Rzjzc5hBA==",
      "dev": true
    }
  }
}
